
Microsoft Visual Studio Solution File, Format Version 12.00
# Visual Studio Version 16
VisualStudioVersion = 16.0.33328.57
MinimumVisualStudioVersion = 10.0.40219.1
Project("{8BC9CEB8-8B4A-11D0-8D11-00A0C91BC942}") = "arTest2", "arTest2\arTest2.vcxproj", "{77B32FF0-7CDC-47CF-8CCB-E54BA323386E}"
EndProject
Global
	GlobalSection(SolutionConfigurationPlatforms) = preSolution
		Debug|x64 = Debug|x64
		Debug|x86 = Debug|x86
		Release|x64 = Release|x64
		Release|x86 = Release|x86
	EndGlobalSection
	GlobalSection(ProjectConfigurationPlatforms) = postSolution
		{77B32FF0-7CDC-47CF-8CCB-E54BA323386E}.Debug|x64.ActiveCfg = Debug|x64
		{77B32FF0-7CDC-47CF-8CCB-E54BA323386E}.Debug|x64.Build.0 = Debug|x64
		{77B32FF0-7CDC-47CF-8CCB-E54BA323386E}.Debug|x86.ActiveCfg = Debug|Win32
		{77B32FF0-7CDC-47CF-8CCB-E54BA323386E}.Debug|x86.Build.0 = Debug|Win32
		{77B32FF0-7CDC-47CF-8CCB-E54BA323386E}.Release|x64.ActiveCfg = Release|x64
		{77B32FF0-7CDC-47CF-8CCB-E54BA323386E}.Release|x64.Build.0 = Release|x64
		{77B32FF0-7CDC-47CF-8CCB-E54BA323386E}.Release|x86.ActiveCfg = Release|Win32
		{77B32FF0-7CDC-47CF-8CCB-E54BA323386E}.Release|x86.Build.0 = Release|Win32
	EndGlobalSection
	GlobalSection(SolutionProperties) = preSolution
		HideSolutionNode = FALSE
	EndGlobalSection
	GlobalSection(ExtensibilityGlobals) = postSolution
		SolutionGuid = {CF92CBC5-ED63-4D02-94BC-4DE88FD7368C}
	EndGlobalSection
EndGlobal
