
Microsoft Visual Studio Solution File, Format Version 12.00
# Visual Studio Version 16
VisualStudioVersion = 16.0.33423.256
MinimumVisualStudioVersion = 10.0.40219.1
Project("{8BC9CEB8-8B4A-11D0-8D11-00A0C91BC942}") = "복습", "복습\복습.vcxproj", "{9DAEE3AA-B992-4813-846B-3E708BBE5806}"
EndProject
Global
	GlobalSection(SolutionConfigurationPlatforms) = preSolution
		Debug|x64 = Debug|x64
		Debug|x86 = Debug|x86
		Release|x64 = Release|x64
		Release|x86 = Release|x86
	EndGlobalSection
	GlobalSection(ProjectConfigurationPlatforms) = postSolution
		{9DAEE3AA-B992-4813-846B-3E708BBE5806}.Debug|x64.ActiveCfg = Debug|x64
		{9DAEE3AA-B992-4813-846B-3E708BBE5806}.Debug|x64.Build.0 = Debug|x64
		{9DAEE3AA-B992-4813-846B-3E708BBE5806}.Debug|x86.ActiveCfg = Debug|Win32
		{9DAEE3AA-B992-4813-846B-3E708BBE5806}.Debug|x86.Build.0 = Debug|Win32
		{9DAEE3AA-B992-4813-846B-3E708BBE5806}.Release|x64.ActiveCfg = Release|x64
		{9DAEE3AA-B992-4813-846B-3E708BBE5806}.Release|x64.Build.0 = Release|x64
		{9DAEE3AA-B992-4813-846B-3E708BBE5806}.Release|x86.ActiveCfg = Release|Win32
		{9DAEE3AA-B992-4813-846B-3E708BBE5806}.Release|x86.Build.0 = Release|Win32
	EndGlobalSection
	GlobalSection(SolutionProperties) = preSolution
		HideSolutionNode = FALSE
	EndGlobalSection
	GlobalSection(ExtensibilityGlobals) = postSolution
		SolutionGuid = {2EC88991-91BA-4B34-84E0-4E30C8F01CD6}
	EndGlobalSection
EndGlobal
