
Microsoft Visual Studio Solution File, Format Version 12.00
# Visual Studio Version 16
VisualStudioVersion = 16.0.33423.256
MinimumVisualStudioVersion = 10.0.40219.1
Project("{8BC9CEB8-8B4A-11D0-8D11-00A0C91BC942}") = "s16", "s16\s16.vcxproj", "{6015E7FD-6367-48BA-BE74-2F19C7DE6A38}"
EndProject
Global
	GlobalSection(SolutionConfigurationPlatforms) = preSolution
		Debug|x64 = Debug|x64
		Debug|x86 = Debug|x86
		Release|x64 = Release|x64
		Release|x86 = Release|x86
	EndGlobalSection
	GlobalSection(ProjectConfigurationPlatforms) = postSolution
		{6015E7FD-6367-48BA-BE74-2F19C7DE6A38}.Debug|x64.ActiveCfg = Debug|x64
		{6015E7FD-6367-48BA-BE74-2F19C7DE6A38}.Debug|x64.Build.0 = Debug|x64
		{6015E7FD-6367-48BA-BE74-2F19C7DE6A38}.Debug|x86.ActiveCfg = Debug|Win32
		{6015E7FD-6367-48BA-BE74-2F19C7DE6A38}.Debug|x86.Build.0 = Debug|Win32
		{6015E7FD-6367-48BA-BE74-2F19C7DE6A38}.Release|x64.ActiveCfg = Release|x64
		{6015E7FD-6367-48BA-BE74-2F19C7DE6A38}.Release|x64.Build.0 = Release|x64
		{6015E7FD-6367-48BA-BE74-2F19C7DE6A38}.Release|x86.ActiveCfg = Release|Win32
		{6015E7FD-6367-48BA-BE74-2F19C7DE6A38}.Release|x86.Build.0 = Release|Win32
	EndGlobalSection
	GlobalSection(SolutionProperties) = preSolution
		HideSolutionNode = FALSE
	EndGlobalSection
	GlobalSection(ExtensibilityGlobals) = postSolution
		SolutionGuid = {664AA323-ECAE-4D02-9C33-46679745AAFD}
	EndGlobalSection
EndGlobal
